
Microsoft Visual Studio Solution File, Format Version 12.00
# Visual Studio Version 16
VisualStudioVersion = 16.0.29326.143
MinimumVisualStudioVersion = 10.0.40219.1
Project("{FAE04EC0-301F-11D3-BF4B-00C04F79EFBC}") = "TokyoOlympics2020", "TokyoOlympics2020\TokyoOlympics2020.csproj", "{DB9453FD-FE1E-42AB-B7B3-F2DD3446D286}"
EndProject
Global
	GlobalSection(SolutionConfigurationPlatforms) = preSolution
		Debug|Any CPU = Debug|Any CPU
		Release|Any CPU = Release|Any CPU
	EndGlobalSection
	GlobalSection(ProjectConfigurationPlatforms) = postSolution
		{DB9453FD-FE1E-42AB-B7B3-F2DD3446D286}.Debug|Any CPU.ActiveCfg = Debug|Any CPU
		{DB9453FD-FE1E-42AB-B7B3-F2DD3446D286}.Debug|Any CPU.Build.0 = Debug|Any CPU
		{DB9453FD-FE1E-42AB-B7B3-F2DD3446D286}.Release|Any CPU.ActiveCfg = Release|Any CPU
		{DB9453FD-FE1E-42AB-B7B3-F2DD3446D286}.Release|Any CPU.Build.0 = Release|Any CPU
	EndGlobalSection
	GlobalSection(SolutionProperties) = preSolution
		HideSolutionNode = FALSE
	EndGlobalSection
	GlobalSection(ExtensibilityGlobals) = postSolution
		SolutionGuid = {DFCD6FAC-0D29-47A8-956D-88D99B16688B}
	EndGlobalSection
EndGlobal
